{
  "meteor": {},
  "dependencies": {
    "basePackages": {
      "handlebar-helpers": {},
      "iron-router": {},
      "bview": {
        "git": "../meteor-bview/",
        "branch": "master"
      }
    },
    "packages": {
      "handlebar-helpers": {
        "git": "https://github.com/raix/Meteor-handlebar-helpers.git",
        "tag": "v0.1.1",
        "commit": "0b407ab65e7c1ebd53d71aef0de2e2c1d21a597c"
      },
      "iron-router": {
        "git": "https://github.com/EventedMind/iron-router.git",
        "tag": "v0.7.0",
        "commit": "05f34bc48c4cad9fdaa366c1ddcabe6980232ece"
      },
      "bview": {
        "git": "../meteor-bview/",
        "branch": "master",
        "commit": "784e8c0fcd9a7090cb9d5c59bafc1a0db29edd05"
      },
      "blaze-layout": {
        "git": "https://github.com/EventedMind/blaze-layout.git",
        "tag": "v0.2.2",
        "commit": "8bc53798fe5965669ae67c72f91829fcfdceabfd"
      }
    }
  }
}
